
Microsoft Visual Studio Solution File, Format Version 12.00
# Visual Studio Version 16
VisualStudioVersion = 25.0.1700.2
MinimumVisualStudioVersion = 10.0.40219.1
Project("{FAE04EC0-301F-11D3-BF4B-00C04F79EFBC}") = "portuguesr-middleware", "portuguesr-middleware\portuguesr-middleware.csproj", "{93ECA223-2E84-4CBE-881C-E474990A65D2}"
EndProject
Global
	GlobalSection(SolutionConfigurationPlatforms) = preSolution
		Debug|Any CPU = Debug|Any CPU
		Release|Any CPU = Release|Any CPU
	EndGlobalSection
	GlobalSection(ProjectConfigurationPlatforms) = postSolution
		{93ECA223-2E84-4CBE-881C-E474990A65D2}.Debug|Any CPU.ActiveCfg = Debug|Any CPU
		{93ECA223-2E84-4CBE-881C-E474990A65D2}.Debug|Any CPU.Build.0 = Debug|Any CPU
		{93ECA223-2E84-4CBE-881C-E474990A65D2}.Release|Any CPU.ActiveCfg = Release|Any CPU
		{93ECA223-2E84-4CBE-881C-E474990A65D2}.Release|Any CPU.Build.0 = Release|Any CPU
	EndGlobalSection
	GlobalSection(SolutionProperties) = preSolution
		HideSolutionNode = FALSE
	EndGlobalSection
	GlobalSection(ExtensibilityGlobals) = postSolution
		SolutionGuid = {8870F61C-7EDD-45C0-9772-01B095A0A91B}
	EndGlobalSection
EndGlobal
